PODS:
  - AFNetworking (3.1.0):
    - AFNetworking/NSURLSession (= 3.1.0)
    - AFNetworking/Reachability (= 3.1.0)
    - AFNetworking/Security (= 3.1.0)
    - AFNetworking/Serialization (= 3.1.0)
    - AFNetworking/UIKit (= 3.1.0)
  - AFNetworking/NSURLSession (3.1.0):
    - AFNetworking/Reachability
    - AFNetworking/Security
    - AFNetworking/Serialization
  - AFNetworking/Reachability (3.1.0)
  - AFNetworking/Security (3.1.0)
  - AFNetworking/Serialization (3.1.0)
  - AFNetworking/UIKit (3.1.0):
    - AFNetworking/NSURLSession
  - BasicCommonClass (0.4.4)
  - BGFMDB (1.51):
    - BGFMDB/BG (= 1.51)
    - BGFMDB/FMDB (= 1.51)
  - BGFMDB/BG (1.51):
    - BGFMDB/FMDB
  - BGFMDB/FMDB (1.51)
  - BossCommonClass (1.0.1):
    - AFNetworking (~> 3.1.0)
    - BasicCommonClass (~> 0.4.4)
    - BGFMDB (~> 1.51)
    - Qiniu (~> 7.1)
  - HappyDNS (0.3.14)
  - Qiniu (7.2.5):
    - HappyDNS (~> 0.3)

DEPENDENCIES:
  - BossCommonClass (from `../`)

SPEC REPOS:
  https://git.coding.net/J_YC/JYCRepoSpecs.git:
    - BasicCommonClass
  https://github.com/cocoapods/specs.git:
    - AFNetworking
    - BGFMDB
    - HappyDNS
    - Qiniu

EXTERNAL SOURCES:
  BossCommonClass:
    :path: "../"

SPEC CHECKSUMS:
  AFNetworking: 5e0e199f73d8626b11e79750991f5d173d1f8b67
  BasicCommonClass: 486331ba498d456ccd92cb3e450a2b1fa0bfdbd3
  BGFMDB: a396ad1f7917adbc19bc7070fb9ee30e0e39df80
  BossCommonClass: fb818c23e9ae33e2e1e9d0e37c33aef8beffe340
  HappyDNS: dc6a164ee81979093123c241c6353bcf0218add6
  Qiniu: 909b408ee489ea54827e9717be90b94bc9dfbc48

PODFILE CHECKSUM: 4f2fe8908f49a1e347892687668a12f4ea3d03d5

COCOAPODS: 1.5.3
