PODS:
  - AFNetworking (3.1.0):
    - AFNetworking/NSURLSession (= 3.1.0)
    - AFNetworking/Reachability (= 3.1.0)
    - AFNetworking/Security (= 3.1.0)
    - AFNetworking/Serialization (= 3.1.0)
    - AFNetworking/UIKit (= 3.1.0)
  - AFNetworking/NSURLSession (3.1.0):
    - AFNetworking/Reachability
    - AFNetworking/Security
    - AFNetworking/Serialization
  - AFNetworking/Reachability (3.1.0)
  - AFNetworking/Security (3.1.0)
  - AFNetworking/Serialization (3.1.0)
  - AFNetworking/UIKit (3.1.0):
    - AFNetworking/NSURLSession
  - BasicCommonClass (0.4.4)
  - BGFMDB (1.51):
    - BGFMDB/BG (= 1.51)
    - BGFMDB/FMDB (= 1.51)
  - BGFMDB/BG (1.51):
    - BGFMDB/FMDB
  - BGFMDB/FMDB (1.51)
  - BossCommonClass (7.7.3):
    - AFNetworking (~> 3.1.0)
    - BasicCommonClass (~> 0.4.4)
    - BGFMDB (~> 1.51)
    - Masonry
    - MJExtension
    - MJRefresh
    - Qiniu (~> 7.1)
    - SGPagingView (~> 1.6.0)
  - HappyDNS (0.3.14)
  - Masonry (1.1.0)
  - MJExtension (3.0.15.1)
  - MJRefresh (3.1.16)
  - Qiniu (7.2.5):
    - HappyDNS (~> 0.3)
  - SGPagingView (1.6.0)

DEPENDENCIES:
  - BossCommonClass (from `../`)

SPEC REPOS:
  https://git.coding.net/J_YC/JYCRepoSpecs.git:
    - BasicCommonClass
  https://github.com/cocoapods/specs.git:
    - AFNetworking
    - BGFMDB
    - HappyDNS
    - Masonry
    - MJExtension
    - MJRefresh
    - Qiniu
    - SGPagingView

EXTERNAL SOURCES:
  BossCommonClass:
    :path: "../"

SPEC CHECKSUMS:
  AFNetworking: 5e0e199f73d8626b11e79750991f5d173d1f8b67
  BasicCommonClass: 486331ba498d456ccd92cb3e450a2b1fa0bfdbd3
  BGFMDB: a396ad1f7917adbc19bc7070fb9ee30e0e39df80
<<<<<<< HEAD
  BossCommonClass: 16391f0e240c264f13afa969d9c9411fd483f34e
=======
  BossCommonClass: 8d1cfd3bed6d8350f832ab8f36192af3ad134a32
>>>>>>> develop
  HappyDNS: dc6a164ee81979093123c241c6353bcf0218add6
  Masonry: 678fab65091a9290e40e2832a55e7ab731aad201
  MJExtension: 19bc33ce2eee2d319760f5622562cf581a6ff756
  MJRefresh: 7798e16e53a5ef7f332dd05b27664db4e29530fd
  Qiniu: 909b408ee489ea54827e9717be90b94bc9dfbc48
  SGPagingView: 4b4f443b365bc70979f890da63d93bc22103be32

PODFILE CHECKSUM: 76117d01723b3b3310fe45987992e4780d226a1d

COCOAPODS: 1.6.1
